{
  "nodes": {
    "nixpkgs": {
      "locked": {
        "lastModified": 1791516861,
        "narHash": "sha256-F9C5MRnWbMobHLIZoBglXTzyu6RUHAb8R4FSJGYm26o=",
        "owner": "nixos",
        "repo": "nixpkgs",
        "rev": "c2e1ed1b1de6221012eee73a719b94b8d55af028",
        "type": "github"
      },
      "original": {
        "owner": "nixos",
        "ref": "nixpkgs-unstable",
        "repo": "nixpkgs",
        "type": "github"
      }
    },
    "root": {
      "inputs": {
        "nixpkgs": "nixpkgs"
      }
    }
  },
  "root": "root",
  "version": 7
}
